lockfileVersion: '6.0'

settings:
  autoInstallPeers: true
  excludeLinksFromLockfile: false

importers:

  .:
    devDependencies:
      prettier:
        specifier: ^3.0.0
        version: 3.0.0
      turbo:
        specifier: ^1.10.7
        version: 1.10.7

packages:

  /prettier@3.0.0:
    resolution: {integrity: sha512-zBf5eHpwHOGPC47h0zrPyNn+eAEIdEzfywMoYn2XPi0P44Zp0tSq64rq0xAREh4auw2cJZHo9QUob+NqCQky4g==}
    engines: {node: '>=14'}
    hasBin: true
    dev: true

  /turbo-darwin-64@1.10.7:
    resolution: {integrity: sha512-N2MNuhwrl6g7vGuz4y3fFG2aR1oCs0UZ5HKl8KSTn/VC2y2YIuLGedQ3OVbo0TfEvygAlF3QGAAKKtOCmGPNKA==}
    cpu: [x64]
    os: [darwin]
    requiresBuild: true
    dev: true
    optional: true

  /turbo-darwin-arm64@1.10.7:
    resolution: {integrity: sha512-WbJkvjU+6qkngp7K4EsswOriO3xrNQag7YEGRtfLoDdMTk4O4QTeU6sfg2dKfDsBpTidTvEDwgIYJhYVGzrz9Q==}
    cpu: [arm64]
    os: [darwin]
    requiresBuild: true
    dev: true
    optional: true

  /turbo-linux-64@1.10.7:
    resolution: {integrity: sha512-x1CF2CDP1pDz/J8/B2T0hnmmOQI2+y11JGIzNP0KtwxDM7rmeg3DDTtDM/9PwGqfPotN9iVGgMiMvBuMFbsLhg==}
    cpu: [x64]
    os: [linux]
    requiresBuild: true
    dev: true
    optional: true

  /turbo-linux-arm64@1.10.7:
    resolution: {integrity: sha512-JtnBmaBSYbs7peJPkXzXxsRGSGBmBEIb6/kC8RRmyvPAMyqF8wIex0pttsI+9plghREiGPtRWv/lfQEPRlXnNQ==}
    cpu: [arm64]
    os: [linux]
    requiresBuild: true
    dev: true
    optional: true

  /turbo-windows-64@1.10.7:
    resolution: {integrity: sha512-7A/4CByoHdolWS8dg3DPm99owfu1aY/W0V0+KxFd0o2JQMTQtoBgIMSvZesXaWM57z3OLsietFivDLQPuzE75w==}
    cpu: [x64]
    os: [win32]
    requiresBuild: true
    dev: true
    optional: true

  /turbo-windows-arm64@1.10.7:
    resolution: {integrity: sha512-D36K/3b6+hqm9IBAymnuVgyePktwQ+F0lSXr2B9JfAdFPBktSqGmp50JNC7pahxhnuCLj0Vdpe9RqfnJw5zATA==}
    cpu: [arm64]
    os: [win32]
    requiresBuild: true
    dev: true
    optional: true

  /turbo@1.10.7:
    resolution: {integrity: sha512-xm0MPM28TWx1e6TNC3wokfE5eaDqlfi0G24kmeHupDUZt5Wd0OzHFENEHMPqEaNKJ0I+AMObL6nbSZonZBV2HA==}
    hasBin: true
    requiresBuild: true
    optionalDependencies:
      turbo-darwin-64: 1.10.7
      turbo-darwin-arm64: 1.10.7
      turbo-linux-64: 1.10.7
      turbo-linux-arm64: 1.10.7
      turbo-windows-64: 1.10.7
      turbo-windows-arm64: 1.10.7
    dev: true
